// !$*UTF8*$!
{
	archiveVersion = 1;
	classes = {
	};
	objectVersion = 46;
	objects = {

/* Begin PBXBuildFile section */
		C02DDF6F1D8E9CB200893A6A /* StickerPackExtension.appex in Embed App Extensions */ = {isa = PBXBuildFile; fileRef = C02DDF6E1D8E9CB200893A6A /* StickerPackExtension.appex */; settings = {ATTRIBUTES = (RemoveHeadersOnCopy, ); }; };
		C02DDF731D8E9CB200893A6A /* Stickers.xcstickers in Resources */ = {isa = PBXBuildFile; fileRef = C02DDF721D8E9CB200893A6A /* Stickers.xcstickers */; };
		C02DDF741D8E9CB200893A6A /* Stickers.xcstickers in Resources */ = {isa = PBXBuildFile; fileRef = C02DDF721D8E9CB200893A6A /* Stickers.xcstickers */; };
/* End PBXBuildFile section */

/* Begin PBXContainerItemProxy section */
		C02DDF701D8E9CB200893A6A /* PBXContainerItemProxy */ = {
			isa = PBXContainerItemProxy;
			containerPortal = C02DDF641D8E9CB200893A6A /* Project object */;
			proxyType = 1;
			remoteGlobalIDString = C02DDF6D1D8E9CB200893A6A;
			remoteInfo = StickerPackExtension;
		};
/* End PBXContainerItemProxy section */

/* Begin PBXCopyFilesBuildPhase section */
		C02DDF7A1D8E9CB200893A6A /* Embed App Extensions */ = {
			isa = PBXCopyFilesBuildPhase;
			buildActionMask = 2147483647;
			dstPath = "";
			dstSubfolderSpec = 13;
			files = (
				C02DDF6F1D8E9CB200893A6A /* StickerPackExtension.appex in Embed App Extensions */,
			);
			name = "Embed App Extensions";
			runOnlyForDeploymentPostprocessing = 0;
		};
/* End PBXCopyFilesBuildPhase section */

/* Begin PBXFileReference section */
		C02DDF6A1D8E9CB200893A6A /* ARU Stickers.app */ = {isa = PBXFileReference; explicitFileType = wrapper.application; includeInIndex = 0; path = "ARU Stickers.app"; sourceTree = BUILT_PRODUCTS_DIR; };
		C02DDF6E1D8E9CB200893A6A /* StickerPackExtension.appex */ = {isa = PBXFileReference; explicitFileType = "wrapper.app-extension"; includeInIndex = 0; path = StickerPackExtension.appex; sourceTree = BUILT_PRODUCTS_DIR; };
		C02DDF721D8E9CB200893A6A /* Stickers.xcstickers */ = {isa = PBXFileReference; lastKnownFileType = folder.stickers; name = Stickers.xcstickers; path = StickerPackExtension/Stickers.xcstickers; sourceTree = "<group>"; };
/* End PBXFileReference section */

/* Begin PBXGroup section */
		C02DDF631D8E9CB200893A6A = {
			isa = PBXGroup;
			children = (
				C02DDF721D8E9CB200893A6A /* Stickers.xcstickers */,
				C02DDF6B1D8E9CB200893A6A /* Products */,
			);
			sourceTree = "<group>";
		};
		C02DDF6B1D8E9CB200893A6A /* Products */ = {
			isa = PBXGroup;
			children = (
				C02DDF6A1D8E9CB200893A6A /* ARU Stickers.app */,
				C02DDF6E1D8E9CB200893A6A /* StickerPackExtension.appex */,
			);
			name = Products;
			sourceTree = "<group>";
		};
/* End PBXGroup section */

/* Begin PBXNativeTarget section */
		C02DDF691D8E9CB200893A6A /* ARU Stickers */ = {
			isa = PBXNativeTarget;
			buildConfigurationList = C02DDF7B1D8E9CB200893A6A /* Build configuration list for PBXNativeTarget "ARU Stickers" */;
			buildPhases = (
				C02DDF681D8E9CB200893A6A /* Resources */,
				C02DDF7A1D8E9CB200893A6A /* Embed App Extensions */,
			);
			buildRules = (
			);
			dependencies = (
				C02DDF711D8E9CB200893A6A /* PBXTargetDependency */,
			);
			name = "ARU Stickers";
			productName = "ARU Stickers";
			productReference = C02DDF6A1D8E9CB200893A6A /* ARU Stickers.app */;
			productType = "com.apple.product-type.application.messages";
		};
		C02DDF6D1D8E9CB200893A6A /* StickerPackExtension */ = {
			isa = PBXNativeTarget;
			buildConfigurationList = C02DDF771D8E9CB200893A6A /* Build configuration list for PBXNativeTarget "StickerPackExtension" */;
			buildPhases = (
				C02DDF6C1D8E9CB200893A6A /* Resources */,
			);
			buildRules = (
			);
			dependencies = (
			);
			name = StickerPackExtension;
			productName = StickerPackExtension;
			productReference = C02DDF6E1D8E9CB200893A6A /* StickerPackExtension.appex */;
			productType = "com.apple.product-type.app-extension.messages-sticker-pack";
		};
/* End PBXNativeTarget section */

/* Begin PBXProject section */
		C02DDF641D8E9CB200893A6A /* Project object */ = {
			isa = PBXProject;
			attributes = {
				LastUpgradeCheck = 0800;
				ORGANIZATIONNAME = "Jinyu Meng";
				TargetAttributes = {
					C02DDF691D8E9CB200893A6A = {
						CreatedOnToolsVersion = 8.0;
						DevelopmentTeam = QJN4A73F8D;
						ProvisioningStyle = Automatic;
					};
					C02DDF6D1D8E9CB200893A6A = {
						CreatedOnToolsVersion = 8.0;
						DevelopmentTeam = QJN4A73F8D;
						ProvisioningStyle = Automatic;
					};
				};
			};
			buildConfigurationList = C02DDF671D8E9CB200893A6A /* Build configuration list for PBXProject "ARU Stickers" */;
			compatibilityVersion = "Xcode 3.2";
			developmentRegion = English;
			hasScannedForEncodings = 0;
			knownRegions = (
				en,
			);
			mainGroup = C02DDF631D8E9CB200893A6A;
			productRefGroup = C02DDF6B1D8E9CB200893A6A /* Products */;
			projectDirPath = "";
			projectRoot = "";
			targets = (
				C02DDF691D8E9CB200893A6A /* ARU Stickers */,
				C02DDF6D1D8E9CB200893A6A /* StickerPackExtension */,
			);
		};
/* End PBXProject section */

/* Begin PBXResourcesBuildPhase section */
		C02DDF681D8E9CB200893A6A /* Resources */ = {
			isa = PBXResourcesBuildPhase;
			buildActionMask = 2147483647;
			files = (
				C02DDF741D8E9CB200893A6A /* Stickers.xcstickers in Resources */,
			);
			runOnlyForDeploymentPostprocessing = 0;
		};
		C02DDF6C1D8E9CB200893A6A /* Resources */ = {
			isa = PBXResourcesBuildPhase;
			buildActionMask = 2147483647;
			files = (
				C02DDF731D8E9CB200893A6A /* Stickers.xcstickers in Resources */,
			);
			runOnlyForDeploymentPostprocessing = 0;
		};
/* End PBXResourcesBuildPhase section */

/* Begin PBXTargetDependency section */
		C02DDF711D8E9CB200893A6A /* PBXTargetDependency */ = {
			isa = PBXTargetDependency;
			target = C02DDF6D1D8E9CB200893A6A /* StickerPackExtension */;
			targetProxy = C02DDF701D8E9CB200893A6A /* PBXContainerItemProxy */;
		};
/* End PBXTargetDependency section */

/* Begin XCBuildConfiguration section */
		C02DDF751D8E9CB200893A6A /* Debug */ = {
			isa = XCBuildConfiguration;
			buildSettings = {
				ALWAYS_SEARCH_USER_PATHS = NO;
				CLANG_ANALYZER_NONNULL = YES;
				CLANG_CXX_LANGUAGE_STANDARD = "gnu++0x";
				CLANG_CXX_LIBRARY = "libc++";
				CLANG_ENABLE_MODULES = YES;
				CLANG_ENABLE_OBJC_ARC = YES;
				CLANG_WARN_BOOL_CONVERSION = YES;
				CLANG_WARN_CONSTANT_CONVERSION = YES;
				CLANG_WARN_DIRECT_OBJC_ISA_USAGE = YES_ERROR;
				CLANG_WARN_DOCUMENTATION_COMMENTS = YES;
				CLANG_WARN_EMPTY_BODY = YES;
				CLANG_WARN_ENUM_CONVERSION = YES;
				CLANG_WARN_INFINITE_RECURSION = YES;
				CLANG_WARN_INT_CONVERSION = YES;
				CLANG_WARN_OBJC_ROOT_CLASS = YES_ERROR;
				CLANG_WARN_SUSPICIOUS_MOVES = YES;
				CLANG_WARN_UNREACHABLE_CODE = YES;
				CLANG_WARN__DUPLICATE_METHOD_MATCH = YES;
				"CODE_SIGN_IDENTITY[sdk=iphoneos*]" = "iPhone Developer";
				COPY_PHASE_STRIP = NO;
				DEBUG_INFORMATION_FORMAT = dwarf;
				ENABLE_STRICT_OBJC_MSGSEND = YES;
				ENABLE_TESTABILITY = YES;
				GCC_C_LANGUAGE_STANDARD = gnu99;
				GCC_DYNAMIC_NO_PIC = NO;
				GCC_NO_COMMON_BLOCKS = YES;
				GCC_OPTIMIZATION_LEVEL = 0;
				GCC_PREPROCESSOR_DEFINITIONS = (
					"DEBUG=1",
					"$(inherited)",
				);
				GCC_WARN_64_TO_32_BIT_CONVERSION = YES;
				GCC_WARN_ABOUT_RETURN_TYPE = YES_ERROR;
				GCC_WARN_UNDECLARED_SELECTOR = YES;
				GCC_WARN_UNINITIALIZED_AUTOS = YES_AGGRESSIVE;
				GCC_WARN_UNUSED_FUNCTION = YES;
				GCC_WARN_UNUSED_VARIABLE = YES;
				IPHONEOS_DEPLOYMENT_TARGET = 10.0;
				MTL_ENABLE_DEBUG_INFO = YES;
				ONLY_ACTIVE_ARCH = YES;
				SDKROOT = iphoneos;
			};
			name = Debug;
		};
		C02DDF761D8E9CB200893A6A /* Release */ = {
			isa = XCBuildConfiguration;
			buildSettings = {
				ALWAYS_SEARCH_USER_PATHS = NO;
				CLANG_ANALYZER_NONNULL = YES;
				CLANG_CXX_LANGUAGE_STANDARD = "gnu++0x";
				CLANG_CXX_LIBRARY = "libc++";
				CLANG_ENABLE_MODULES = YES;
				CLANG_ENABLE_OBJC_ARC = YES;
				CLANG_WARN_BOOL_CONVERSION = YES;
				CLANG_WARN_CONSTANT_CONVERSION = YES;
				CLANG_WARN_DIRECT_OBJC_ISA_USAGE = YES_ERROR;
				CLANG_WARN_DOCUMENTATION_COMMENTS = YES;
				CLANG_WARN_EMPTY_BODY = YES;
				CLANG_WARN_ENUM_CONVERSION = YES;
				CLANG_WARN_INFINITE_RECURSION = YES;
				CLANG_WARN_INT_CONVERSION = YES;
				CLANG_WARN_OBJC_ROOT_CLASS = YES_ERROR;
				CLANG_WARN_SUSPICIOUS_MOVES = YES;
				CLANG_WARN_UNREACHABLE_CODE = YES;
				CLANG_WARN__DUPLICATE_METHOD_MATCH = YES;
				"CODE_SIGN_IDENTITY[sdk=iphoneos*]" = "iPhone Developer";
				COPY_PHASE_STRIP = NO;
				DEBUG_INFORMATION_FORMAT = "dwarf-with-dsym";
				ENABLE_NS_ASSERTIONS = NO;
				ENABLE_STRICT_OBJC_MSGSEND = YES;
				GCC_C_LANGUAGE_STANDARD = gnu99;
				GCC_NO_COMMON_BLOCKS = YES;
				GCC_WARN_64_TO_32_BIT_CONVERSION = YES;
				GCC_WARN_ABOUT_RETURN_TYPE = YES_ERROR;
				GCC_WARN_UNDECLARED_SELECTOR = YES;
				GCC_WARN_UNINITIALIZED_AUTOS = YES_AGGRESSIVE;
				GCC_WARN_UNUSED_FUNCTION = YES;
				GCC_WARN_UNUSED_VARIABLE = YES;
				IPHONEOS_DEPLOYMENT_TARGET = 10.0;
				MTL_ENABLE_DEBUG_INFO = NO;
				SDKROOT = iphoneos;
				VALIDATE_PRODUCT = YES;
			};
			name = Release;
		};
		C02DDF781D8E9CB200893A6A /* Debug */ = {
			isa = XCBuildConfiguration;
			buildSettings = {
				ASSETCATALOG_COMPILER_APPICON_NAME = "iMessage App Icon";
				DEVELOPMENT_TEAM = QJN4A73F8D;
				INFOPLIST_FILE = StickerPackExtension/Info.plist;
				PRODUCT_BUNDLE_IDENTIFIER = com.JinyuMeng.ARUStickers.StickerPackExtension;
				PRODUCT_NAME = "$(TARGET_NAME)";
				SKIP_INSTALL = YES;
			};
			name = Debug;
		};
		C02DDF791D8E9CB200893A6A /* Release */ = {
			isa = XCBuildConfiguration;
			buildSettings = {
				ASSETCATALOG_COMPILER_APPICON_NAME = "iMessage App Icon";
				DEVELOPMENT_TEAM = QJN4A73F8D;
				INFOPLIST_FILE = StickerPackExtension/Info.plist;
				PRODUCT_BUNDLE_IDENTIFIER = com.JinyuMeng.ARUStickers.StickerPackExtension;
				PRODUCT_NAME = "$(TARGET_NAME)";
				SKIP_INSTALL = YES;
			};
			name = Release;
		};
		C02DDF7C1D8E9CB200893A6A /* Debug */ = {
			isa = XCBuildConfiguration;
			buildSettings = {
				ASSETCATALOG_COMPILER_APPICON_NAME = "iMessage App Icon";
				DEVELOPMENT_TEAM = QJN4A73F8D;
				INFOPLIST_FILE = "ARU Stickers/Info.plist";
				PRODUCT_BUNDLE_IDENTIFIER = com.JinyuMeng.ARUStickers;
				PRODUCT_NAME = "$(TARGET_NAME)";
				TARGETED_DEVICE_FAMILY = "1,2";
			};
			name = Debug;
		};
		C02DDF7D1D8E9CB200893A6A /* Release */ = {
			isa = XCBuildConfiguration;
			buildSettings = {
				ASSETCATALOG_COMPILER_APPICON_NAME = "iMessage App Icon";
				DEVELOPMENT_TEAM = QJN4A73F8D;
				INFOPLIST_FILE = "ARU Stickers/Info.plist";
				PRODUCT_BUNDLE_IDENTIFIER = com.JinyuMeng.ARUStickers;
				PRODUCT_NAME = "$(TARGET_NAME)";
				TARGETED_DEVICE_FAMILY = "1,2";
			};
			name = Release;
		};
/* End XCBuildConfiguration section */

/* Begin XCConfigurationList section */
		C02DDF671D8E9CB200893A6A /* Build configuration list for PBXProject "ARU Stickers" */ = {
			isa = XCConfigurationList;
			buildConfigurations = (
				C02DDF751D8E9CB200893A6A /* Debug */,
				C02DDF761D8E9CB200893A6A /* Release */,
			);
			defaultConfigurationIsVisible = 0;
			defaultConfigurationName = Release;
		};
		C02DDF771D8E9CB200893A6A /* Build configuration list for PBXNativeTarget "StickerPackExtension" */ = {
			isa = XCConfigurationList;
			buildConfigurations = (
				C02DDF781D8E9CB200893A6A /* Debug */,
				C02DDF791D8E9CB200893A6A /* Release */,
			);
			defaultConfigurationIsVisible = 0;
			defaultConfigurationName = Release;
		};
		C02DDF7B1D8E9CB200893A6A /* Build configuration list for PBXNativeTarget "ARU Stickers" */ = {
			isa = XCConfigurationList;
			buildConfigurations = (
				C02DDF7C1D8E9CB200893A6A /* Debug */,
				C02DDF7D1D8E9CB200893A6A /* Release */,
			);
			defaultConfigurationIsVisible = 0;
			defaultConfigurationName = Release;
		};
/* End XCConfigurationList section */
	};
	rootObject = C02DDF641D8E9CB200893A6A /* Project object */;
}
